version: 1.0
shards:
  admiral:
    github: jwaldrip/admiral.cr
    commit: 09a81513a47535c4b59cbf0ab98cadcbf6ab70fb

  clear:
    github: anykeyh/clear
    commit: f9aa2369a665f413ea27a8000e8884c778f28d36

  db:
    github: crystal-lang/crystal-db
    version: 0.9.0

  exception_page:
    github: crystal-loot/exception_page
    version: 0.1.4

  generate:
    github: anykeyh/generate.cr
    commit: 27a59d663ded8ce39a361e3a88b8dd747f59ce42

  inflector:
    github: phoffer/inflector.cr
    version: 0.1.8

  kemal:
    github: kemalcr/kemal
    version: 0.26.1

  kilt:
    github: jeromegn/kilt
    version: 0.4.0

  pg:
    github: will/crystal-pg
    commit: cafee448dc09ef487bd3941febce8796830f1bd7

  radix:
    github: luislavena/radix
    version: 0.3.9

  slang:
    github: jeromegn/slang
    commit: 8210d3f83c6199bc59925ee964405ffe926f44f3

