version: 2.0
shards:
  admiral:
    git: https://github.com/jwaldrip/admiral.cr.git
    version: 1.11.4+git.commit.50a01f29ffe2b921fe4d2a4dbbc135bf551a4742

  backtracer:
    git: https://github.com/sija/backtracer.cr.git
    version: 1.2.1

  clear:
    git: https://github.com/anykeyh/clear.git
    version: 0.9+git.commit.3178c7f8bc1516dd766683efb3b0132578ae81e1

  db:
    git: https://github.com/crystal-lang/crystal-db.git
    version: 0.10.1

  exception_page:
    git: https://github.com/crystal-loot/exception_page.git
    version: 0.2.0

  generate:
    git: https://github.com/anykeyh/generate.cr.git
    version: 0.1.0+git.commit.f5dafc934a70e0ee2f246dddf3df44686f844da2

  inflector:
    git: https://github.com/phoffer/inflector.cr.git
    version: 0.1.8

  kemal:
    git: https://github.com/kemalcr/kemal.git
    version: 1.0.0+git.commit.218be2422172d330feb62c6a8abc7df5402fdb84

  kilt:
    git: https://github.com/jeromegn/kilt.git
    version: 0.6.1

  pg:
    git: https://github.com/will/crystal-pg.git
    version: 0.23.2+git.commit.cafe1e2a48764464299b44ab26449eb503be5934

  radix:
    git: https://github.com/luislavena/radix.git
    version: 0.4.1

  slang:
    git: https://github.com/jeromegn/slang.git
    version: 1.7.3+git.commit.901df64c9a1c1df91d3acd00762509c9b6d3cfd8

