version: 2.0
shards:
  admiral:
    git: https://github.com/jwaldrip/admiral.cr.git
    version: 1.12.1

  backtracer:
    git: https://github.com/sija/backtracer.cr.git
    version: 1.2.4

  db:
    git: https://github.com/crystal-lang/crystal-db.git
    version: 0.13.1

  exception_page:
    git: https://github.com/crystal-loot/exception_page.git
    version: 0.5.0

  generate:
    git: https://github.com/anykeyh/generate.cr.git
    version: 0.1.0+git.commit.f5dafc934a70e0ee2f246dddf3df44686f844da2

  inflector:
    git: https://github.com/phoffer/inflector.cr.git
    version: 1.0.0

  kemal:
    git: https://github.com/kemalcr/kemal.git
    version: 1.8.0

  kemal-kilt:
    git: https://github.com/crystal-garage/kemal-kilt.git
    version: 0.1.1

  kilt:
    git: https://github.com/jeromegn/kilt.git
    version: 0.6.1

  lustra:
    git: https://github.com/crystal-garage/lustra.git
    version: 0.12.0+git.commit.7fda8ee645e7dca303b458fd4cd6f1b80fc7b3fb

  pg:
    git: https://github.com/will/crystal-pg.git
    version: 0.29.0

  radix:
    git: https://github.com/luislavena/radix.git
    version: 0.4.1

  slang:
    git: https://github.com/jeromegn/slang.git
    version: 1.7.3+git.commit.f038a6c9725065ffd9b035f9c402390a2150d519

